<Solution>
  <Project Path="AudioPlayer/AudioPlayer.csproj" />
  <Project Path="AudioPlayer.Plugin.Abstractions/AudioPlayer.Plugin.Abstractions.csproj" />
  <Project Path="Plugins/Bilibili/AudioPlayer.Plugin.Bilibili.csproj" />
  <Project Path="AudioPlayer.Tests/AudioPlayer.Tests.csproj" />
</Solution>
